{
  "name": "client",
  "lockfileVersion": 2,
  "requires": true,
  "packages": {
    "": {
      "dependencies": {
        "sketches-js": "^0.0.3"
      }
    },
    "node_modules/sketches-js": {
      "version": "0.0.3",
      "resolved": "https://registry.npmjs.org/sketches-js/-/sketches-js-0.0.3.tgz",
      "integrity": "sha512-nX9oS0KFwTmKbs2mB38XYSmSK3QKY0pFH7IcTa63gs699iKChYjAzYPMvSZt/kyd0KS1x+eGD5G6T2tMDj+nRg=="
    }
  },
  "dependencies": {
    "sketches-js": {
      "version": "0.0.3",
      "resolved": "https://registry.npmjs.org/sketches-js/-/sketches-js-0.0.3.tgz",
      "integrity": "sha512-nX9oS0KFwTmKbs2mB38XYSmSK3QKY0pFH7IcTa63gs699iKChYjAzYPMvSZt/kyd0KS1x+eGD5G6T2tMDj+nRg=="
    }
  }
}
